
Microsoft Visual Studio Solution File, Format Version 12.00
# Visual Studio Version 16
VisualStudioVersion = 16.0.30611.23
MinimumVisualStudioVersion = 10.0.40219.1
Project("{FAE04EC0-301F-11D3-BF4B-00C04F79EFBC}") = "ComPack", "ComPack\ComPack.csproj", "{FFD41355-5444-46CE-BA9B-0F937BD0EB21}"
EndProject
Global
	GlobalSection(SolutionConfigurationPlatforms) = preSolution
		Debug|Any CPU = Debug|Any CPU
		Release|Any CPU = Release|Any CPU
	EndGlobalSection
	GlobalSection(ProjectConfigurationPlatforms) = postSolution
		{FFD41355-5444-46CE-BA9B-0F937BD0EB21}.Debug|Any CPU.ActiveCfg = Debug|Any CPU
		{FFD41355-5444-46CE-BA9B-0F937BD0EB21}.Debug|Any CPU.Build.0 = Debug|Any CPU
		{FFD41355-5444-46CE-BA9B-0F937BD0EB21}.Release|Any CPU.ActiveCfg = Release|Any CPU
		{FFD41355-5444-46CE-BA9B-0F937BD0EB21}.Release|Any CPU.Build.0 = Release|Any CPU
	EndGlobalSection
	GlobalSection(SolutionProperties) = preSolution
		HideSolutionNode = FALSE
	EndGlobalSection
	GlobalSection(ExtensibilityGlobals) = postSolution
		SolutionGuid = {83ADC1C3-0BCF-4D25-BA2B-7A6E872114B3}
	EndGlobalSection
EndGlobal
